
Microsoft Visual Studio Solution File, Format Version 12.00
# Visual Studio Version 16
VisualStudioVersion = 16.0.31702.278
MinimumVisualStudioVersion = 10.0.40219.1
Project("{FAE04EC0-301F-11D3-BF4B-00C04F79EFBC}") = "BackEnd", "BackEnd\BackEnd.csproj", "{31E1DD98-DE22-407D-A97D-96103F637920}"
EndProject
Global
	GlobalSection(SolutionConfigurationPlatforms) = preSolution
		Debug|Any CPU = Debug|Any CPU
		Release|Any CPU = Release|Any CPU
	EndGlobalSection
	GlobalSection(ProjectConfigurationPlatforms) = postSolution
		{31E1DD98-DE22-407D-A97D-96103F637920}.Debug|Any CPU.ActiveCfg = Debug|Any CPU
		{31E1DD98-DE22-407D-A97D-96103F637920}.Debug|Any CPU.Build.0 = Debug|Any CPU
		{31E1DD98-DE22-407D-A97D-96103F637920}.Release|Any CPU.ActiveCfg = Release|Any CPU
		{31E1DD98-DE22-407D-A97D-96103F637920}.Release|Any CPU.Build.0 = Release|Any CPU
	EndGlobalSection
	GlobalSection(SolutionProperties) = preSolution
		HideSolutionNode = FALSE
	EndGlobalSection
	GlobalSection(ExtensibilityGlobals) = postSolution
		SolutionGuid = {7A21CC1D-56EA-4BCE-A59F-3AF66FB12D04}
	EndGlobalSection
EndGlobal
